PODS:
  - Flutter (1.0.0)
  - flutterflappyuuid (0.0.1):
    - Flutter

DEPENDENCIES:
  - Flutter (from `Flutter`)
  - flutterflappyuuid (from `.symlinks/plugins/flutterflappyuuid/ios`)

EXTERNAL SOURCES:
  Flutter:
    :path: Flutter
  flutterflappyuuid:
    :path: ".symlinks/plugins/flutterflappyuuid/ios"

SPEC CHECKSUMS:
  Flutter: 0e3d915762c693b495b44d77113d4970485de6ec
  flutterflappyuuid: 0500a42fcd2a9ba593e9dfd254b85f6ed852e225

PODFILE CHECKSUM: f32fb4e7c14f8b3ca19a369d7be425dd9241af27

COCOAPODS: 1.9.1
